<Solution>
  <Folder Name="/apps/" />
  <Folder Name="/apps/api/" />
  <Folder Name="/apps/api/ApiSvc/">
    <Project Path="apps/api/ApiSvc/NeoShip.ApiSvc.csproj" />
  </Folder>
  <Folder Name="/apps/api/Data.Model.Mssql/">
    <Project Path="apps/api/Data.Model.Mssql/NeoShip.Data.Mssql.csproj" />
  </Folder>
  <Folder Name="/apps/api/Data.Model.Pgsql/">
    <Project Path="apps/api/Data.Model.Pgsql/NeoShip.Data.Pgsql.csproj" />
  </Folder>
  <Folder Name="/apps/api/Data.Model.Sqlite/">
    <Project Path="apps/api/Data.Model.Sqlite/NeoShip.Data.Sqlite.csproj" />
  </Folder>
  <Folder Name="/apps/api/Data.Model/">
    <Project Path="apps/api/Data.Model/NeoShip.Data.Model.csproj" />
  </Folder>
  <Folder Name="/apps/api/ServiceDefaults/">
    <Project Path="apps/api/ServiceDefaults/NeoShip.ServiceDefaults.csproj" />
  </Folder>
  <Folder Name="/lib/" />
  <Folder Name="/lib/dn/" />
  <Folder Name="/lib/dn/Common/" />
  <Folder Name="/lib/dn/Common/src/">
    <Project Path="lib/dn/Common/src/NeoBeard.Common.csproj" />
  </Folder>
  <Folder Name="/lib/dn/Core/" />
  <Folder Name="/lib/dn/Core/src/">
    <Project Path="lib/dn/Core/src/NeoBeard.Core.csproj" />
  </Folder>
</Solution>
