<Solution>
  <Folder Name="/apps/" />
  <Folder Name="/apps/api/" />
  <Folder Name="/apps/api/ShipCtl/">
    <Project Path="apps/api/ShipCtl/NeoShip.ShipCtl.csproj" />
  </Folder>
  <Folder Name="/apps/api/ApiSvc/">
    <Project Path="apps/api/ApiSvc/NeoShip.ApiSvc.csproj" />
  </Folder>
  <Folder Name="/apps/api/Data.Model.Mssql/">
    <Project Path="apps/api/Data.Model.Mssql/NeoShip.Data.Mssql.csproj" />
  </Folder>
  <Folder Name="/apps/api/Data.Model.Pgsql/">
    <Project Path="apps/api/Data.Model.Pgsql/NeoShip.Data.Pgsql.csproj" />
  </Folder>
  <Folder Name="/apps/api/Data.Model.Sqlite/">
    <Project Path="apps/api/Data.Model.Sqlite/NeoShip.Data.Sqlite.csproj" />
  </Folder>
  <Folder Name="/apps/api/Data.Model/">
    <Project Path="apps/api/Data.Model/NeoShip.Data.Model.csproj" />
  </Folder>
  <Folder Name="/apps/api/Data.Runtime/">
    <Project Path="apps/api/Data.Runtime/NeoShip.Data.Runtime.csproj" />
  </Folder>
  <Folder Name="/apps/api/DbMigrator/">
    <Project Path="apps/api/DbMigrator/NeoShip.DbMigrator.csproj" />
  </Folder>
  <Folder Name="/apps/api/ServiceDefaults/">
    <Project Path="apps/api/ServiceDefaults/NeoShip.ServiceDefaults.csproj" />
  </Folder>
  <Folder Name="/apps/api/ApiSvc.Tests/">
    <Project Path="apps/api/ApiSvc.Tests/NeoShip.ApiSvc.Tests.csproj" />
  </Folder>
  <Folder Name="/lib/" />
  <Folder Name="/lib/dn/" />
  <Folder Name="/lib/dn/Age/" />
  <Folder Name="/lib/dn/Age/src/">
    <Project Path="lib/dn/Age/src/NeoBeard.Age.csproj" />
  </Folder>
  
  <Folder Name="/lib/dn/Age/test/">
    <Project Path="lib/dn/Age/test/NeoBeard.Age.Tests.csproj" />
  </Folder>
  <Folder Name="/lib/dn/Colors.Primitives/" />
  <Folder Name="/lib/dn/Colors.Primitives/src/">
    <Project Path="lib/dn/Colors.Primitives/src/NeoBeard.Colors.Primitives.csproj" />
  </Folder>
  <Folder Name="/lib/dn/Colors.Primitives/test/">
    <Project Path="lib/dn/Colors.Primitives/test/NeoBeard.Colors.Primitives.Tests.csproj" />
  </Folder>
  <Folder Name="/lib/dn/Common/" />
  <Folder Name="/lib/dn/Common/src/">
    <Project Path="lib/dn/Common/src/NeoBeard.Common.csproj" />
  </Folder>
  <Folder Name="/lib/dn/Core/" />
  <Folder Name="/lib/dn/Core/src/">
    <Project Path="lib/dn/Core/src/NeoBeard.Core.csproj" />
  </Folder>
  <Folder Name="/lib/dn/Core/test/">
    <Project Path="lib/dn/Core/test/NeoBeard.Core.Tests.csproj" />
  </Folder>
  <Folder Name="/lib/dn/Crypto/" />
  <Folder Name="/lib/dn/Crypto/src/">
    <Project Path="lib/dn/Crypto/src/NeoBeard.Crypto.csproj" />
  </Folder>
  <Folder Name="/lib/dn/DotEnv/" />
  <Folder Name="/lib/dn/DotEnv/src/">
    <Project Path="lib/dn/DotEnv/src/NeoBeard.DotEnv.csproj" />
  </Folder>
  <Folder Name="/lib/dn/Secrets.Keyring/" />
  <Folder Name="/lib/dn/Secrets.Keyring/src/">
    <Project Path="lib/dn/Secrets.Keyring/src/NeoBeard.Secrets.Keyring.csproj" />
  </Folder>
  <Folder Name="/lib/dn/Secrets/" />
  <Folder Name="/lib/dn/Secrets/src/">
    <Project Path="lib/dn/Secrets/src/NeoBeard.Secrets.csproj" />
  </Folder>
  <Folder Name="/lib/dn/Ssh/" />
  <Folder Name="/lib/dn/Ssh/src/">
    <Project Path="lib/dn/Ssh/src/NeoBeard.Ssh.csproj" />
  </Folder>
</Solution>
